<?xml version="1.0" encoding="utf-8"?>
<Project ToolsVersion="4.0" xmlns="http://schemas.microsoft.com/developer/msbuild/2003">
  <ItemGroup>
    <Filter Include="Source Files">
      <UniqueIdentifier>{442004c9-1e42-4b32-94b1-bb136ae2c7e7}</UniqueIdentifier>
      <Extensions>cpp;c;cxx;def;odl;idl;hpj;bat;asm</Extensions>
    </Filter>
    <Filter Include="Header Files">
      <UniqueIdentifier>{54116551-d4a2-4427-ae49-65efb056c5ff}</UniqueIdentifier>
      <Extensions>h;hpp;hxx;hm;inl;inc</Extensions>
    </Filter>
    <Filter Include="Resource Files">
      <UniqueIdentifier>{1188e2b7-c0b7-4d8d-8bbb-bc1c362d284b}</UniqueIdentifier>
      <Extensions>rc;ico;cur;bmp;dlg;rc2;rct;bin;rgs;jpg;jpeg;jpe;manifest</Extensions>
    </Filter>
  </ItemGroup>
  <ItemGroup>
    <ClCompile Include="stdafx.cpp">
      <Filter>Source Files</Filter>
    </ClCompile>
    <ClCompile Include="FlowTrace.cpp">
      <Filter>Source Files</Filter>
    </ClCompile>
    <ClCompile Include="MainFrm.cpp">
      <Filter>Source Files</Filter>
    </ClCompile>
    <ClCompile Include="FlowTraceView.cpp">
      <Filter>Source Files</Filter>
    </ClCompile>
    <ClCompile Include="AboutDlg.cpp">
      <Filter>Source Files</Filter>
    </ClCompile>
    <ClCompile Include="Archive.cpp">
      <Filter>Source Files</Filter>
    </ClCompile>
    <ClCompile Include="Helpers.cpp">
      <Filter>Source Files</Filter>
    </ClCompile>
    <ClCompile Include="LogListView.cpp">
      <Filter>Source Files</Filter>
    </ClCompile>
    <ClCompile Include="ServerThread.cpp">
      <Filter>Source Files</Filter>
    </ClCompile>
    <ClCompile Include="Settings.cpp">
      <Filter>Source Files</Filter>
    </ClCompile>
    <ClCompile Include="StdLog.cpp">
      <Filter>Source Files</Filter>
    </ClCompile>
    <ClCompile Include="WorkerThread.cpp">
      <Filter>Source Files</Filter>
    </ClCompile>
    <ClCompile Include="LogTreeView.cpp">
      <Filter>Source Files</Filter>
    </ClCompile>
    <ClCompile Include="SettingsDlg.cpp">
      <Filter>Source Files</Filter>
    </ClCompile>
    <ClCompile Include="ColumnsDlg.cpp">
      <Filter>Source Files</Filter>
    </ClCompile>
    <ClCompile Include="ProgressDlg.cpp">
      <Filter>Source Files</Filter>
    </ClCompile>
    <ClCompile Include="LogData.cpp">
      <Filter>Source Files</Filter>
    </ClCompile>
    <ClCompile Include="SearchInfo.cpp">
      <Filter>Source Files</Filter>
    </ClCompile>
    <ClCompile Include="SnapshotsDlg.cpp">
      <Filter>Source Files</Filter>
    </ClCompile>
    <ClCompile Include="FontPreviewCombo.cpp">
      <Filter>Source Files</Filter>
    </ClCompile>
  </ItemGroup>
  <ItemGroup>
    <ClInclude Include="stdafx.h">
      <Filter>Header Files</Filter>
    </ClInclude>
    <ClInclude Include="MainFrm.h">
      <Filter>Header Files</Filter>
    </ClInclude>
    <ClInclude Include="FlowTraceView.h">
      <Filter>Header Files</Filter>
    </ClInclude>
    <ClInclude Include="AboutDlg.h">
      <Filter>Header Files</Filter>
    </ClInclude>
    <ClInclude Include="resource.h">
      <Filter>Header Files</Filter>
    </ClInclude>
    <ClInclude Include="Archive.h">
      <Filter>Header Files</Filter>
    </ClInclude>
    <ClInclude Include="FlowTrace.h">
      <Filter>Header Files</Filter>
    </ClInclude>
    <ClInclude Include="Helpers.h">
      <Filter>Header Files</Filter>
    </ClInclude>
    <ClInclude Include="LogListView.h">
      <Filter>Header Files</Filter>
    </ClInclude>
    <ClInclude Include="ServerThread.h">
      <Filter>Header Files</Filter>
    </ClInclude>
    <ClInclude Include="Settings.h">
      <Filter>Header Files</Filter>
    </ClInclude>
    <ClInclude Include="StdLog.h">
      <Filter>Header Files</Filter>
    </ClInclude>
    <ClInclude Include="WorkerThread.h">
      <Filter>Header Files</Filter>
    </ClInclude>
    <ClInclude Include="LogTreeView.h">
      <Filter>Header Files</Filter>
    </ClInclude>
    <ClInclude Include="SettingsDlg.h">
      <Filter>Header Files</Filter>
    </ClInclude>
    <ClInclude Include="ColumnsDlg.h">
      <Filter>Header Files</Filter>
    </ClInclude>
    <ClInclude Include="ProgressDlg.h">
      <Filter>Header Files</Filter>
    </ClInclude>
    <ClInclude Include="LogData.h">
      <Filter>Header Files</Filter>
    </ClInclude>
    <ClInclude Include="SearchInfo.h">
      <Filter>Header Files</Filter>
    </ClInclude>
    <ClInclude Include="SnapshotsDlg.h">
      <Filter>Header Files</Filter>
    </ClInclude>
    <ClInclude Include="FontPreviewCombo.h">
      <Filter>Header Files</Filter>
    </ClInclude>
  </ItemGroup>
  <ItemGroup>
    <ResourceCompile Include="FlowTrace.rc">
      <Filter>Resource Files</Filter>
    </ResourceCompile>
  </ItemGroup>
  <ItemGroup>
    <Image Include="res\toolbar.bmp">
      <Filter>Resource Files</Filter>
    </Image>
    <Image Include="res\FlowTrace.ico">
      <Filter>Resource Files</Filter>
    </Image>
    <Image Include="res\ICON_TREE_ROOT.ico">
      <Filter>Resource Files</Filter>
    </Image>
    <Image Include="res\ICON_TREE_APP.ico">
      <Filter>Resource Files</Filter>
    </Image>
    <Image Include="res\ICON_TREE_PROC.ico">
      <Filter>Resource Files</Filter>
    </Image>
    <Image Include="res\ICON_TREE_PAIRED.ico">
      <Filter>Resource Files</Filter>
    </Image>
    <Image Include="res\ICON_TREE_ENTER.ico">
      <Filter>Resource Files</Filter>
    </Image>
    <Image Include="res\ICON_TREE_EXIT.ico">
      <Filter>Resource Files</Filter>
    </Image>
    <Image Include="res\ICON_LIST_ENTER.ico">
      <Filter>Resource Files</Filter>
    </Image>
    <Image Include="res\ICON_LIST_EXIT.ico">
      <Filter>Resource Files</Filter>
    </Image>
    <Image Include="res\ICON_LIST_TRACE.ico">
      <Filter>Resource Files</Filter>
    </Image>
    <Image Include="res\ICON_LIST_ENTER_SEL.ico">
      <Filter>Resource Files</Filter>
    </Image>
    <Image Include="res\ICON_LIST_EXIT_SEL.ico">
      <Filter>Resource Files</Filter>
    </Image>
    <Image Include="res\ICON_LIST_TRACE_SEL.ico">
      <Filter>Resource Files</Filter>
    </Image>
    <Image Include="res\icon1.ico">
      <Filter>Resource Files</Filter>
    </Image>
    <Image Include="res\ico00001.ico">
      <Filter>Resource Files</Filter>
    </Image>
    <Image Include="res\colapsed.ico">
      <Filter>Resource Files</Filter>
    </Image>
    <Image Include="res\tree_node_colapsed.ico">
      <Filter>Resource Files</Filter>
    </Image>
    <Image Include="res\tree_node_expanded.ico">
      <Filter>Resource Files</Filter>
    </Image>
    <Image Include="res\tree_node_checked.ico">
      <Filter>Resource Files</Filter>
    </Image>
    <Image Include="res\tree_node_unchecked.ico">
      <Filter>Resource Files</Filter>
    </Image>
    <Image Include="res\ttf_glyph.bmp">
      <Filter>Resource Files</Filter>
    </Image>
  </ItemGroup>
  <ItemGroup>
    <Text Include="ToDo.txt" />
  </ItemGroup>
  <ItemGroup>
    <None Include="res\font1.bin">
      <Filter>Resource Files</Filter>
    </None>
  </ItemGroup>
  <ItemGroup>
    <Font Include="res\Inconsolata-Regular.ttf" />
  </ItemGroup>
</Project>